selector:
  selectableBlocks:
    placeholder: Blocks from other layouts
  tooltip:
    clone:
      ref: Clone with references
      noRef: Clone without references
automation:
  addPlaceholderLabel: Add placeholder (dummy button)
  availableScriptsAndWorkflow: Available scripts and workflows ({{count}})
  badge:
    script: script
    workflow: workflow
  buttonLabel: Label
  buttonVariant: Variant
  configuredButtons: Configured buttons
  dummyButtonLabel: Dummy
  editButton: Edit
  editTitle:
    script: Edit automation script button
    workflow: Edit workflow button
  label: Automation
  noDescription: No description
  noLabel: Unlabeled
  noScript: There is no script or workflow configured for this button
  noScripts: There are no manual scripts compatible with this page block
  removeAll: Remove all
  searchPlaceholder: Filter available scripts by label, script name and description
  stepID: 'Starting step ID: {{stepID}}'
  variants:
    primary: Primary
    secondary: Secondary
    light: Light
    dark: Dark
    success: Success
    danger: Danger
    warning: Warning
calendar:
  source:
    label: Source
  addEventsSource: Add events source
  calendarHeader: Calendar header
  feedLabel: Configure events source
  feedPlaceholder: Select an event source
  eventSource: Event source
  hideHeader: Hide calendar header
  hideNavigation: Hide prev/next button
  hideTitle: Hide title text
  hideToday: Hide today button
  label: Calendar
  recordFeed:
    colorPicker: Choose a color
    colorLabel: Event color
    eventAllDay: Show as all-day-events
    eventEndFieldLabel: Event end
    eventEndFieldPlaceholder: Event will last 1 hour
    eventStartFieldLabel: Event start
    eventStartFieldPlaceholder: Field with event start date
    moduleLabel: Module
    modulePlaceholder: Select a module
    optionLabel: Records
    prefilterLabel: Prefilter events
    prefilterPlaceholder: field1 = 1 AND field2 = 232
    titleLabel: Event title
    titlePlaceholder: Field used as event title
  reminderFeed:
    colorLabel: Event color
    optionLabel: Reminders
  today: Today
  view:
    dayGridMonth: Month
    default: Default view
    enabled: Enabled views
    footnote: Make sure default is one of the available views
    listMonth: Agenda
    timeGridDay: Day
    timeGridWeek: Week
    onEventClick: On event click
    openInSameTab: Open record in the same tab
    openInNewTab: Open record in a new tab
    openInModal: Open record in a modal
  viewLabel: Calendar
chart:
  add: New Chart
  addFunnel: Funnel chart
  addGauge: Gauge chart
  addRadar: Radar chart
  addGeneric: Generic chart
  createFailed: Could not create a chart
  columns:
    name: Name
    handle: Handle
    changedAt: Last change
  configure:
    label: Configure chart
    reportLabel: Report {{l}}
    reportsLabel: Reports
  display: Chart to display inside this block
  drillDown:
    label: Drill down
    description: If a record list is selected, it will be used to display the drill down data. If no record list is selected, the drill down data will be shown in a modal.
    openInModal: Open in modal
    configureColumns: Choose the default fields
  edit:
    label: Edit chart
    dimension:
      function:
        date: DATE
        label: Function
        month: MONTH
        none: (no grouping / buckets)
        placeholder: Select dimension modifier (bucket size)
        quarter: QUARTER
        week: WEEK
        year: YEAR
  label: Chart
  pick: Pick a chart
  delete: Delete
  preview:
    chartId: Chart preview (ID {{0}})
  searchPlaceholder: Type here to search all charts in this namespace
  openInBuilder: Open in chart builder
  openChartList: Open chart list
content:
  ok: Ok
  label: Content
  openLinkInNewTab: Open link in a new tab
  urlPlaceholder: https://example.tld
file:
  label: File
  preview:
    label: File block
general:
  descriptionLabel: Description
  descriptionPlaceholder: Block description
  headerStyle: Block header style (color)
  magnifyLabel: Block Magnification
  customID:
    label: Custom ID
    placeholder: customID
    description: Used to reference the block in Custom CSS (#customID). Must be unique on the page.
    invalid-state: Should be at least 2 characters long. Can contain only letters, numbers, underscores and dashes. Must end with letter or number
  customCSSClass:
    label: Custom CSS Class
    placeholder: custom-class-1   custom-class-2
    description: Used to reference the block in Custom CSS (.custom-class)
    invalid-state: Can contain only letters, numbers, underscores and dashes. Must end with letter or number. Use spaces to separate multiple classes
  magnifyOptions:
    disabled: Disabled
    modal: Modal
    fullscreen: Fullscreen
  wrap: Display block as a card
  hidden:
    label: Hidden
  refresh:
    label: Refresh
    auto: Auto refresh
    show: Show refresh button
    description: Setting value to 5 seconds or more enables auto-refresh
    rate: seconds
  border:
    show: Show border
  label:
    add: Add
    back: Back
    edit: Edit
    general: General
    import: Import
    next: Next
    none: None
    ok: Ok
    permissions: Permissions
    remove: Remove
    save: Save
    cancel: Cancel
    search: Search
    refresh: Refresh block
    magnify: Magnify block
    and: And
  module: Module
  style:
    danger: Danger variant
    default: Dark variant
    primary: Primary variant
    secondary: Secondary variant
    success: Success variant
    warning: Warning variant
  title: Add new block
  titleLabel: Title
  titlePlaceholder: Block title
  tooltip:
    dragAndDrop: Drag and drop to change order
    translations: Field translations
iframe:
  label: IFrame
  pickURLField: Pick an URL field
  srcDesc: Used as a fallback when set in combination with record field.
  srcFieldDesc: Only available on record pages and on modules with existing "url" field kind
  srcFieldLabel: Field (URL) from record to use for the iframe
  srcLabel: URL to show in the iframe
metric:
  metricDrillDown: Metric drill down
  defaultMetricLabel: Unnamed metric
  drillDown:
    label: Drill down
    description: If a record list is selected, it will be used to display the drill down data. If no record list is selected, the drill down data will be shown in a modal.
    openInModal: Open in modal
  edit:
    bucketLabel: Bucket size
    bucketPlaceholder: Select a bucket size
    dateFormat: Date format
    dimensionFieldLabel: Field
    dimensionFieldPlaceholder: Dimension field
    dimensionLabel: Dimension
    filterLabel: Filter
    filterFootnote: Simplified SQL condition (WHERE ...) syntax is supported. Variables like {{0}}, {{1}}, {{2}} and {{3}} are evaluated (when available)
    transformFootnote: Variables like {{0}}, {{1}}, {{2}} and {{3}} are evaluated (when available). Make sure to wrap the variables with quotes ("")
    labelLabel: Label
    labelPlaceholder: Label
    metricFieldLabel: Field
    metricFieldPlaceholder: Dimension field
    metricLabel: Metric
    metricFieldSelect: Select field
    metricSelectAggregate: Select aggregation operation
    metricAggregateLabel: Aggregation operation
    moduleLabel: Module
    modulePlaceholder: Pick a module
    numberFormat: Number format
    operationAvg: Avg
    operationLabel: Aggregation operation
    operationMax: Max
    operationMin: Min
    operationPlaceholder: Aggregation operation
    operationStd: Std
    operationSum: Sum
    prefixLabel: Prefix
    refreshData: Refresh data
    suffixLabel: Suffix
    tabTitle: Metric
    transformFunctionDescription: v - current value; label - current value's label
    transformFunctionLabel: Transform value
  editStyle:
    backgroundColor: Background color
    color: Text color
    colorPicker: Choose a color
    fontSize: Font size in pixels
    labelLabel: Label style
    valueLabel: Value style
  label: Metric
record:
  referenceRecordField: Reference record field
  referenceRecordFieldPlaceholder: Select reference record selector
  referenceRecordFieldDescription: Multi value record selector fields are not available
  confirmDelete: Are you sure you want to delete this record?
  deleteFailed: Could not delete record
  deleteRecord: Delete record
  invalidOwnerVar: Can not use ${ownerID} variable in non-record pages
  invalidRecordVar: Can not use ${record...} variable in non-record pages
  label: Record
  listLoadFailed: Could not load record list
  moduleOrPageNotSet: 'RecordList block error: module or page option not set'
  moduleMismatch: Module incompatible, module mismatch
  horizontalFormLayout: Horizontal form layout
  inlineEdit:
    enabled: Inline value editing enabled
  preview:
    blockNoRecord: Cannot render this block without a record
    fieldsFromModule: Single record block, displaying fields ({{0}}) from module {{1}}
    untitled: Untitled
  recordDeleted: This record was deleted
  recordSelectorDisplayOptions: On record selector click
  openInSameTab: Open record in the same tab
  openInNewTab: Open record in a new tab
  openInModal: Open record in a modal
  fieldConditions:
    label: Conditional fields
    action: + Add
    placeholder: When should this field be displayed?
    selectPlaceholder: Select field
    help: Example
    field: Field
    condition: Condition
    tooltip:
      performance: Using conditional fields will impact performance
recordList:
  addRecord: Add
  cancelSelection: Cancel
  customFilter: Custom filter
  filterPresets:
    filterName: Filter name
    saveFilterAsPreset: Save filter as preset
  inlineEdit:
    enabled: Inline value editing enabled
    button:
      title: Edit {{label}}
    modal:
      title: Update record values
  bulkRecord:
    title: Update selected records
    field:
      add: Add a field to update
      addAnother: Add another field to update
      remove: Remove field
    reset: Reset
  drillDown:
    filter:
      label: Drill down filter
  tooltip:
    deleteSelected: Delete selected records
    performance:
      impact: Using this feature will impact performance
      moduleFields: Selecting a large number of fields or displaying record/user fields will impact performance
      perPage: Displaying a large amount of records per page will impact performance, especially if you are displaying record/user fields
    restoreSelected: Restore selected records
  editFields: Editable module fields
  export:
    all: Export all records
    allow: Users will be able to export records
    csv: CSV Export
    dateRange: Select date range
    query:
      label: Search query
      placeholder: Search...
    filter:
      label: Record filter
      placeholder: field1 = 1 AND field2 = 232
      footnote: Simplified SQL condition (WHERE ...) syntax is supported. Variables like {{0}}, {{1}}, {{2}} and {{3}} are evaluated (when available)
      createdAt: Record created
      custom: Custom
      lastMonth: Last month
      lastWeek: Last week
      thisMonth: This month
      thisWeek: This week
      today: Today
      from: From
      to: To
      updatedAt: Record updated
    inRange: Date range
    includeQuery: Filter by search query
    json: JSON Export
    limitations: 'CSV export limitation: only the first value in the multi value fields will be exported'
    rangeBy: Set range by
    recordCount: '{{count}} records ready for export'
    selectFields: 'Select fields you want to export:'
    selection: Selected records
    specifyTimezone: Export to timezone
    timezonePlaceholder: Select timezone
    datePresetUndefined: Unknown date preset
  federated: Federated
  fields: Module fields
  filter:
    addField: Add new filter field
    byValue: Filter records based on field value
    addFilterToPreset: Save as preset
    conditions:
      and: AND
      or: OR
    deletedRecords: Deleted records
    field: Filter field
    fieldPlaceholder: Pick a field
    fieldValue: Field value
    fieldValuePlaceholder: Input field filter
    including: Including
    label: Filter
    note: 'Note: If Field value is undefined, the filter will look for records where that field value is undefined.'
    only: Only
    operators:
      like: Like
      notLike: Not Like
      contains: Contains
      notContains: Not contains
      equal: Equal
      greaterThan: Greater than
      lessThan: Less than
      notEqual: Not equal
      between: Between
      notBetween: Not between
    title: Record list filter
    update: Update filter
    where: Where
    without: Without
    presets: Filter presets
    filters:
      label: Filters
      active: 'Active filters:'
    name:
      label: Name
      placeholder: Filter name
    role:
      label: Role(s)
      placeholder: Select role(s) that will be able to use preset
  hideRecordCloneButton: Hide clone record button
  hideRecordEditButton: Hide edit record button
  hideRecordPermissionsButton: Hide record permissions button
  hideRecordReminderButton: Hide record reminder button
  hideRecordViewButton: Hide view record button
  hideConfigureFieldsButton: Users will be able to configure which fields to display
  enableRecordPageNavigation: Users will be able to navigate to previous/next record
  import:
    dropzoneFileAdded: '{{name}} was uploaded and is ready for import ({{count}} record)'
    dropzoneFileAdded_plural: '{{name}} was uploaded and is ready for import ({{count}} records)'
    dropzoneLabel: Click or drop file here to upload (.csv or JSON)
    failed: 'Something went wrong during the import. Please try again: {{failReason}}'
    fileColumns: File columns
    hasRequiredFileFields: 'This module has required file upload fields'
    matchFields: 'Match imported columns with existing ones'
    moduleFields: Module fields
    onError: If any record fails to import
    onErrorFail: Cancel import
    onErrorSkip: Skip record
    pickModuleField: Pick a module field
    importing: Importing records
    success: Import successful
    to: Import to {{modulename}}
    uploadFile: Upload the file you want to import (.csv or JSON format)
    idFieldDescription: Records with matching ID's will be updated.
    report:
      count: Number of records
      detectedErrors: Detected errors
      error: Error
      failedEntries: Failed source entries
      failedEntriesLine: Entry
      failedEntriesLines: Entries from to (inclusive)
      failedRecords: Failed records
      finishedAt: Finished At
      importedRecords: Imported records
      startedAt: Started At
      title: Record import error report
      totalRecords: Total records
  label: Record list
  modulePlaceholder: Select a module
  moduleFootnote: Modules without a {{0}} can only be used in a record list as an inline editor
  moduleFieldsFootnote : If no fields are selected, the default fields will be shown
  noRecords: There are no records matching your request
  pagination:
    next: Next
    prev: Previous
    showing: '{{from}} - {{to}} of {{count}} records'
    single: One record
    single_plural: '{{count}} records'
    recordsPerPage: Per page
    selectLabel: Select an option
  positionField:
    footnote: Records will be sorted based on this field
    placeholder: Field that will hold the record position
    label: Record sort field
  preview:
    addRecordButton: Add record button
    bePaged: '{{0}} be paged.'
    isDisabled: '{{0}} is disabled.'
    isEnabled: '{{0}} is enabled.'
    isHidden: '{{0}} is hidden.'
    isShown: '{{0}} is shown'
    moduleNotSelected: Block with table of records, module not selected.
    recordFromModule: 'Showing records from {{0}} module with columns: {{1}}'
    recordsPerPage: '{{0}} records are shown per page.'
    resultsCan: Results can
    resultsCant: Results can not
    resultsPrefiltered: 'Results are prefiltered:'
    searchInput: Search inputbox
    sorting: Sorting
    tableHeader: Table header
    usersSearchThrough: Users search through the records
    usersSee: Users see {{0}}
    withPresortedRecords: with presorted ({{0}}) record
  record:
    draggable: Can drag & drop records to order them
    editMode: Users will be able to open record in edit mode when a row is clicked
    fullPageNavigation: Full page navigation
    hideAddButton: Users will be able to add new records
    hideImportButton: Users will be able to import records
    pagingLabel: Paging
    pagingOptions: Paging Options
    moreOptions: More Options
    hidePaging: User will be able to navigate through pages
    inlineEditor: Inline Options
    inlineEditorAllow: Inline record editor
    recordsLabel: Records
    noPermission: No permission to read record
    perPage: Records per page
    prefilterFootnote: Simplified SQL condition (WHERE ...) syntax is supported. Variables like {{0}}, {{1}}, {{2}} and {{3}} are evaluated (when available)
    prefilterHideSearch: Users will be able to search the record list
    filterHide: Users will be able to filter the list
    prefilterLabel: Filtering
    generalLabel: General Settings
    prefilterCommand: Prefilter
    prefilterPlaceholder: field1 = 1 AND field2 = 232
    presortFootnote: Simplified SQL condition (ORDER BY ...) syntax is supported
    presortToggleInput: Toggle input type
    presortHideSort: Users will be able to sort the list
    presortLabel: Sorting
    presortInputLabel: Presort
    presortPlaceholder: field1 DESC, field2 ASC
    showTotalCount: Show total record count
    showRecordPerPageOption: User will be able to select records per page
    showDeletedRecordsOption: Show option to see deleted records
    setCustomFilterPresets: User will be able to set custom filter presets
    openInSameTab: Open record in the same tab
    openInNewTab: Open record in a new tab
    openInModal: Open record in a modal
    enableBulkRecordEdit: Enable bulk record edit
    buttons: Record buttons
    tooltip:
      clone: Clone
      edit: Edit
      delete: Delete
      restore: Restore
      reminder: Reminder
      view: View
      permissions: Permissions
    recordDisplayOptions: On record click
    recordSelectorDisplayOptions: On record selector click
  recordPage: record page
  refField:
    footnote: Field that links records with the parent record
    label: Parent field
  selectable: Users will be able to select records
  selected: '{{count}} of {{total}} records selected'
  selectedFromAllPages: 'All {{count}} records from all pages selected'
  selectAllRecords: Select all records on all pages
  unselectAllRecords: Clear selection
  sort:
    tooltip: Sort column
  showRecords:
    deleted: Show deleted records
    existing: Show existing records
recordOrganizer:
  onRecordClick: On record click
  openInSameTab: Open in the same tab
  openInNewTab: Open in a new tab
  openInModal: Open in a modal
  module:
    placeholder: Select a module
  descriptionField:
    footnote: Field value will be used as record description
    label: Description field
  group:
    footnote: Value that will be set to the key field. The records will be filtered based on this value, if it's defined.
    label: Key value
  groupField:
    footnote: Field whose value will change when a record is moved into the record organizer
    label: Key field
  label: Record organizer
  labelField:
    footnote: Field value will be used as record label
    label: Label field
  noRecords: No records in module linked with record organizer. Drag and drop records here.
  notConfigured: Record organizer is not configured correctly
  positionField:
    footnote: Records will be sorted based on this field. That field value will be updated based on the position of the record.
    placeholder: Field that will hold the record position
    label: Record sort field
  preview:
    label: 'Record Organizer block for module {{0}}. Label field {{1}}, Description field {{2}}. Value setting field: {{3}}, Sorted by position field: {{4}}.'
    moduleNotSelected: Record Organizer module not selected
  addNewRecord: + Add new record

recordRevisions:
  label: Record revisions

  viewer:
    errors:
      no-record: No record found to display revisions for
      no-revisions: No record revisions found
      disabled-on-module: Record revisions are disabled on this module

    show-revisions: Show record revisions ({{ revision }})
    show-changes: "{{ count }} change(s)"
    revisions:
      columns:
        timestamp:
          label: Timestamp
        operation:
          label: Operation
        user:
          label: User
    changes:
      columns:
        field:
          label: Field
        old-value:
          label: Old value
        new-value:
          label: New value

  configurator:
    label: Record revisions
    preload: Preload record revisions
    errors:
      invalid-module-id: Field does not contain a valid module ID.
    fields:
      label: Configure fields to display in record revisions changes
      show-all:
        label: Show changes for all fields
      columns:
        label:
          label: Label
        kind:
          label: Type
        displayed-fields:
          label: Show
        expanded-references:
          label: Expand references

socialFeed:
  label: Twitter feed
  noInput: No input for displaying social feed...
  preview:
    socialFeed: Twitterblo feed
  twitterProfileField: Field that contains Twitter Profile URL for a record
  twitterProfileLabel: Twitter Profile URL for list pages i.e (https://twitter.com/bloomberg)
selectBlockFootnote: Some types might be disabled for non-record pages
field:
  noPermission: No permission to read field value
  selector:
    available: Available fields
    systemField: (system field)
  inlineEdit:
    enabled: Inline value editing enabled
    button:
      title: Edit value
    modal:
      title: Update record values
comment:
  label: Comments
  module:
    placeholder: Select a module
  titleField:
    label: Title field
    footnote: Field value will be used as record title
  contentField:
    label: Content field *
    footnote: Field value will be used as record content
  titleInput: Enter comment title
  contentInput: Enter comment content
  submit: Submit
  sortDirection:
    label: Sort direction
    footnote: Sort comments by when they were created
    asc: Ascending
    desc: Descending
  referenceField:
    label: Reference field
    footnote: Field that links comments with the parent record
navigation:
  chart: Charts
  colorPicker: Choose a color
  noNavigationItems: No navigation item configured
  label: Navigation
  displayOptions: Display options
  appearance: Appearance
  alignment: Alignment
  justify: Justify
  fieldLabel: Label
  enabled: Enabled
  openIn: Open in
  navigationItems: Navigation items
  type: Type
  disabled: Disabled
  color: Color
  background: Background
  url: URL
  drop: Dropdown position
  add: Add navigation item
  addDropdown: Add dropdown item
  composePage: Compose page
  tabs: Tabs
  pills: Pills
  small: Small
  center: Center
  left: Left
  right: Right
  bottom: Bottom
  top: Top
  None: None
  primary: Primary
  secondary: Secondary
  success: Success
  warning: Warning
  danger: Danger
  info: Info
  text: Text
  dropdown: Dropdown
  multi: Multiline
  sameTab: Same tab
  selectOpenInType: Select open in type
  newTab: New tab
  dropdownItems: Dropdown items
  delimiter: Delimiter
  none: None
  displaySubPages: Display sub-pages
  selectBackground: Select background
  preview:
    preview: Preview
    label: Label
    home: Home
    dropdown: dropdown
    about: about
report:
  label: Report
  scenario:
    label: Scenario
  element:
    label: Display element
    description: Display elements are grouped by their respective block

progress:
  add: + Add
  count: Count
  aggregate:
    label: Aggregation operation
    select: Select aggregation operation
  animated: Animated
  default-variant: Default variant
  display-options: Display options
  fetch-failed: Failed to fetch progress bar report
  field:
    label: Field
    select: Select field
  label: Progress bar
  module:
    select: Select module
    label: Module
  preview: Live example
  show:
    value: Show value
    relative: Show relative
    progress: Show progress
  tab:
    label: Progress
  thresholds: Thresholds
  threshold:
    label: Threshold
    variant: Set which variant to show if value is equal or larger than the threshold
  value:
    label: Value
    min: Minimum value
    max: Maximum value
    default:
      label: Default value
      description: This value will be used if metric is not configured
  variant:
    default: Dark
    danger: Danger
    dark: Dark
    info: Info
    light: Light
    primary: Primary
    secondary: Secondary
    success: Success
    warning: Warning

nylas:
  label: Office365/Google

  viewer:
    connect: Connect with Nylas
    noExternal: Nylas external provider is not configured
    noComponentID: Nylas component ID is not configured

  configurator:
    label: Office365/Google
    kind: Component kind
    componentID: Component ID
    accessTokenRequired: Access token required
    prefill:
      title: Prefill values
      selectField: Select field
      body: Body
      subject: Subject
      queryString: Query string
      to: To
    kinds:
      agenda: Agenda
      composer: Composer
      contactList: Contact List
      conversation: Conversation
      email: Email
      mailbox: Mailbox

geometry:
  label: Map
  viewLabel: Map
  feedLabel: Configure Sources
  source:
    label: Source
  addSource: Add source
  lock: Lock
  mapHelpText: Move and scroll the map to the position that will be used as a default. You can also lock the position or zoom to prevent users from moving too far.
  onMarkerClick: On marker click
  openInSameTab: Open in the same tab
  openInNewTab: Open in a new tab
  openInModal: Open in a modal
  recordFeed:
    colorPicker: Choose a color
    moduleLabel: Module*
    modulePlaceholder: (No module)
    optionLabel: Records
    prefilterLabel: Prefilter sources
    colorLabel: Marker color
    geometryFieldLabel: Location field*
    titleLabel: Title
    titlePlaceholder: Title
    geometryFieldPlaceholder: Location field
    displayMarker: Display marker
    displayPolygon: Display polygon
  centerLabel: Center
  zoom:
    zoomLabel: Zoom
    zoomMinLabel: Zoom min
    zoomMaxLabel: Zoom max
    zoomStartingLabel: Zoom Starting
  bounds:
    boundsLabel: Bounds
    lockBounds: Lock bounds
    topLeft: Bounds top left
    lowerRight: Bounds lower right
  tooltip:
      goToCurrentLocation: Go to current location

tabs:
  label: Tabs
  alertTitle: Set a title for your block
  title: Tabs
  addTab: + Add
  tab: Tab
  selectBlock: Choose a block
  noTabs: No tabs configured
  noBlock: No block configured
  displayTitle: Display Options
  preview: Live example
  newBlockModal: Add new block
  unsavedChanges: Unsaved Changes
  placeholder:
    block: Select a block to tab
  style:
    appearance:
      label: Appearance
      tabs: Tabs
      pills: Pills
      small: Small
    alignment:
      label: Alignment
      left: Left
      center: Center
      right: Right
    justify:
      label: Justify
      justify: Justify
      none: None
    orientation:
      label: Orientation
      vertical: Vertical
      horizontal: Horizontal
    position:
      label: Position
      start: Start
      end: End
  table:
    columns:
      title:
        label: Title
      block:
        label: Block
  tooltip:
    edit: Edit block
    clone: Clone block & tab
    copy: Copy block
    delete: Delete tab
    editDisabled: Editing tabbed blocks is disabled until you save this block
    addBlock: Add new block

noConfiguration: Block not configured correctly
interpolationFootnote: Variables like {{0}}, {{1}}, {{2}} and {{3}} are evaluated (when available)